
Microsoft Visual Studio Solution File, Format Version 12.00
# Visual Studio Version 17
VisualStudioVersion = 17.14.37216.2 d17.14
MinimumVisualStudioVersion = 10.0.40219.1
Project("{FAE04EC0-301F-11D3-BF4B-00C04F79EFBC}") = "AgroControl.Laboratory", "AgroControl.Laboratory\AgroControl.Laboratory.csproj", "{0215CF0D-D80E-4610-BFD3-3F1605185D32}"
EndProject
Project("{FAE04EC0-301F-11D3-BF4B-00C04F79EFBC}") = "AgroControl.API", "..\..\Сессия 2\AgroControl.API\AgroControl.API\AgroControl.API.csproj", "{F1D7738A-6A2A-29C9-57ED-EBF8179719CB}"
EndProject
Global
	GlobalSection(SolutionConfigurationPlatforms) = preSolution
		Debug|Any CPU = Debug|Any CPU
		Release|Any CPU = Release|Any CPU
	EndGlobalSection
	GlobalSection(ProjectConfigurationPlatforms) = postSolution
		{0215CF0D-D80E-4610-BFD3-3F1605185D32}.Debug|Any CPU.ActiveCfg = Debug|Any CPU
		{0215CF0D-D80E-4610-BFD3-3F1605185D32}.Debug|Any CPU.Build.0 = Debug|Any CPU
		{0215CF0D-D80E-4610-BFD3-3F1605185D32}.Release|Any CPU.ActiveCfg = Release|Any CPU
		{0215CF0D-D80E-4610-BFD3-3F1605185D32}.Release|Any CPU.Build.0 = Release|Any CPU
		{F1D7738A-6A2A-29C9-57ED-EBF8179719CB}.Debug|Any CPU.ActiveCfg = Debug|Any CPU
		{F1D7738A-6A2A-29C9-57ED-EBF8179719CB}.Debug|Any CPU.Build.0 = Debug|Any CPU
		{F1D7738A-6A2A-29C9-57ED-EBF8179719CB}.Release|Any CPU.ActiveCfg = Release|Any CPU
		{F1D7738A-6A2A-29C9-57ED-EBF8179719CB}.Release|Any CPU.Build.0 = Release|Any CPU
	EndGlobalSection
	GlobalSection(SolutionProperties) = preSolution
		HideSolutionNode = FALSE
	EndGlobalSection
	GlobalSection(ExtensibilityGlobals) = postSolution
		SolutionGuid = {0F84685D-94A6-4582-B4CC-CDD359B89DDC}
	EndGlobalSection
EndGlobal
