
Microsoft Visual Studio Solution File, Format Version 12.00
# Visual Studio Version 17
VisualStudioVersion = 17.14.37216.2
MinimumVisualStudioVersion = 10.0.40219.1
Project("{FAE04EC0-301F-11D3-BF4B-00C04F79EFBC}") = "AgroControl.API", "AgroControl.API\AgroControl.API.csproj", "{ACEB75FA-3763-4099-8404-2E580236071B}"
EndProject
Project("{FAE04EC0-301F-11D3-BF4B-00C04F79EFBC}") = "AgroControl.API.IntegrationTests", "AgroControl.API.IntegrationTests\AgroControl.API.IntegrationTests.csproj", "{8395F118-F547-4B8B-8861-528D5B4861A3}"
EndProject
Global
	GlobalSection(SolutionConfigurationPlatforms) = preSolution
		Debug|Any CPU = Debug|Any CPU
		Release|Any CPU = Release|Any CPU
	EndGlobalSection
	GlobalSection(ProjectConfigurationPlatforms) = postSolution
		{ACEB75FA-3763-4099-8404-2E580236071B}.Debug|Any CPU.ActiveCfg = Debug|Any CPU
		{ACEB75FA-3763-4099-8404-2E580236071B}.Debug|Any CPU.Build.0 = Debug|Any CPU
		{ACEB75FA-3763-4099-8404-2E580236071B}.Release|Any CPU.ActiveCfg = Release|Any CPU
		{ACEB75FA-3763-4099-8404-2E580236071B}.Release|Any CPU.Build.0 = Release|Any CPU
		{8395F118-F547-4B8B-8861-528D5B4861A3}.Debug|Any CPU.ActiveCfg = Debug|Any CPU
		{8395F118-F547-4B8B-8861-528D5B4861A3}.Debug|Any CPU.Build.0 = Debug|Any CPU
		{8395F118-F547-4B8B-8861-528D5B4861A3}.Release|Any CPU.ActiveCfg = Release|Any CPU
		{8395F118-F547-4B8B-8861-528D5B4861A3}.Release|Any CPU.Build.0 = Release|Any CPU
	EndGlobalSection
	GlobalSection(SolutionProperties) = preSolution
		HideSolutionNode = FALSE
	EndGlobalSection
	GlobalSection(ExtensibilityGlobals) = postSolution
		SolutionGuid = {AE90EBB2-EF09-40BF-BC82-F5CCDE5A35D1}
	EndGlobalSection
EndGlobal
